// !$*UTF8*$!
{
	archiveVersion = 1;
	classes = {
	};
	objectVersion = 50;
	objects = {

/* Begin PBXBuildFile section */
		6453E1112625A933001B2396 /* example01App.swift in Sources */ = {isa = PBXBuildFile; fileRef = 6453E0FE2625A931001B2396 /* example01App.swift */; };
		6453E1122625A933001B2396 /* example01App.swift in Sources */ = {isa = PBXBuildFile; fileRef = 6453E0FE2625A931001B2396 /* example01App.swift */; };
		6453E1132625A933001B2396 /* ContentView.swift in Sources */ = {isa = PBXBuildFile; fileRef = 6453E0FF2625A931001B2396 /* ContentView.swift */; };
		6453E1142625A933001B2396 /* ContentView.swift in Sources */ = {isa = PBXBuildFile; fileRef = 6453E0FF2625A931001B2396 /* ContentView.swift */; };
		6453E1152625A933001B2396 /* Assets.xcassets in Resources */ = {isa = PBXBuildFile; fileRef = 6453E1002625A933001B2396 /* Assets.xcassets */; };
		6453E1162625A933001B2396 /* Assets.xcassets in Resources */ = {isa = PBXBuildFile; fileRef = 6453E1002625A933001B2396 /* Assets.xcassets */; };
		6453E1222625A9F9001B2396 /* Storyboard.storyboard in Resources */ = {isa = PBXBuildFile; fileRef = 6453E1212625A9F9001B2396 /* Storyboard.storyboard */; };
		6453E1232625A9F9001B2396 /* Storyboard.storyboard in Resources */ = {isa = PBXBuildFile; fileRef = 6453E1212625A9F9001B2396 /* Storyboard.storyboard */; };
/* End PBXBuildFile section */

/* Begin PBXFileReference section */
		6453E0FE2625A931001B2396 /* example01App.swift */ = {isa = PBXFileReference; lastKnownFileType = sourcecode.swift; path = example01App.swift; sourceTree = "<group>"; };
		6453E0FF2625A931001B2396 /* ContentView.swift */ = {isa = PBXFileReference; lastKnownFileType = sourcecode.swift; path = ContentView.swift; sourceTree = "<group>"; };
		6453E1002625A933001B2396 /* Assets.xcassets */ = {isa = PBXFileReference; lastKnownFileType = folder.assetcatalog; path = Assets.xcassets; sourceTree = "<group>"; };
		6453E1052625A933001B2396 /* example01.app */ = {isa = PBXFileReference; explicitFileType = wrapper.application; includeInIndex = 0; path = example01.app; sourceTree = BUILT_PRODUCTS_DIR; };
		6453E1082625A933001B2396 /* Info.plist */ = {isa = PBXFileReference; lastKnownFileType = text.plist.xml; path = Info.plist; sourceTree = "<group>"; };
		6453E10D2625A933001B2396 /* example01.app */ = {isa = PBXFileReference; explicitFileType = wrapper.application; includeInIndex = 0; path = example01.app; sourceTree = BUILT_PRODUCTS_DIR; };
		6453E10F2625A933001B2396 /* Info.plist */ = {isa = PBXFileReference; lastKnownFileType = text.plist.xml; path = Info.plist; sourceTree = "<group>"; };
		6453E1102625A933001B2396 /* macOS.entitlements */ = {isa = PBXFileReference; lastKnownFileType = text.plist.entitlements; path = macOS.entitlements; sourceTree = "<group>"; };
		6453E1212625A9F9001B2396 /* Storyboard.storyboard */ = {isa = PBXFileReference; lastKnownFileType = file.storyboard; path = Storyboard.storyboard; sourceTree = "<group>"; };
/* End PBXFileReference section */

/* Begin PBXFrameworksBuildPhase section */
		6453E1022625A933001B2396 /* Frameworks */ = {
			isa = PBXFrameworksBuildPhase;
			buildActionMask = 2147483647;
			files = (
			);
			runOnlyForDeploymentPostprocessing = 0;
		};
		6453E10A2625A933001B2396 /* Frameworks */ = {
			isa = PBXFrameworksBuildPhase;
			buildActionMask = 2147483647;
			files = (
			);
			runOnlyForDeploymentPostprocessing = 0;
		};
/* End PBXFrameworksBuildPhase section */

/* Begin PBXGroup section */
		6453E0F82625A931001B2396 = {
			isa = PBXGroup;
			children = (
				6453E0FD2625A931001B2396 /* Shared */,
				6453E1072625A933001B2396 /* iOS */,
				6453E10E2625A933001B2396 /* macOS */,
				6453E1062625A933001B2396 /* Products */,
			);
			sourceTree = "<group>";
		};
		6453E0FD2625A931001B2396 /* Shared */ = {
			isa = PBXGroup;
			children = (
				6453E0FE2625A931001B2396 /* example01App.swift */,
				6453E0FF2625A931001B2396 /* ContentView.swift */,
				6453E1212625A9F9001B2396 /* Storyboard.storyboard */,
				6453E1002625A933001B2396 /* Assets.xcassets */,
			);
			path = Shared;
			sourceTree = "<group>";
		};
		6453E1062625A933001B2396 /* Products */ = {
			isa = PBXGroup;
			children = (
				6453E1052625A933001B2396 /* example01.app */,
				6453E10D2625A933001B2396 /* example01.app */,
			);
			name = Products;
			sourceTree = "<group>";
		};
		6453E1072625A933001B2396 /* iOS */ = {
			isa = PBXGroup;
			children = (
				6453E1082625A933001B2396 /* Info.plist */,
			);
			path = iOS;
			sourceTree = "<group>";
		};
		6453E10E2625A933001B2396 /* macOS */ = {
			isa = PBXGroup;
			children = (
				6453E10F2625A933001B2396 /* Info.plist */,
				6453E1102625A933001B2396 /* macOS.entitlements */,
			);
			path = macOS;
			sourceTree = "<group>";
		};
/* End PBXGroup section */

/* Begin PBXNativeTarget section */
		6453E1042625A933001B2396 /* example01 (iOS) */ = {
			isa = PBXNativeTarget;
			buildConfigurationList = 6453E1192625A933001B2396 /* Build configuration list for PBXNativeTarget "example01 (iOS)" */;
			buildPhases = (
				6453E1012625A933001B2396 /* Sources */,
				6453E1022625A933001B2396 /* Frameworks */,
				6453E1032625A933001B2396 /* Resources */,
			);
			buildRules = (
			);
			dependencies = (
			);
			name = "example01 (iOS)";
			productName = "example01 (iOS)";
			productReference = 6453E1052625A933001B2396 /* example01.app */;
			productType = "com.apple.product-type.application";
		};
		6453E10C2625A933001B2396 /* example01 (macOS) */ = {
			isa = PBXNativeTarget;
			buildConfigurationList = 6453E11C2625A933001B2396 /* Build configuration list for PBXNativeTarget "example01 (macOS)" */;
			buildPhases = (
				6453E1092625A933001B2396 /* Sources */,
				6453E10A2625A933001B2396 /* Frameworks */,
				6453E10B2625A933001B2396 /* Resources */,
			);
			buildRules = (
			);
			dependencies = (
			);
			name = "example01 (macOS)";
			productName = "example01 (macOS)";
			productReference = 6453E10D2625A933001B2396 /* example01.app */;
			productType = "com.apple.product-type.application";
		};
/* End PBXNativeTarget section */

/* Begin PBXProject section */
		6453E0F92625A931001B2396 /* Project object */ = {
			isa = PBXProject;
			attributes = {
				LastSwiftUpdateCheck = 1240;
				LastUpgradeCheck = 1240;
				TargetAttributes = {
					6453E1042625A933001B2396 = {
						CreatedOnToolsVersion = 12.4;
					};
					6453E10C2625A933001B2396 = {
						CreatedOnToolsVersion = 12.4;
					};
				};
			};
			buildConfigurationList = 6453E0FC2625A931001B2396 /* Build configuration list for PBXProject "example01" */;
			compatibilityVersion = "Xcode 9.3";
			developmentRegion = en;
			hasScannedForEncodings = 0;
			knownRegions = (
				en,
				Base,
			);
			mainGroup = 6453E0F82625A931001B2396;
			productRefGroup = 6453E1062625A933001B2396 /* Products */;
			projectDirPath = "";
			projectRoot = "";
			targets = (
				6453E1042625A933001B2396 /* example01 (iOS) */,
				6453E10C2625A933001B2396 /* example01 (macOS) */,
			);
		};
/* End PBXProject section */

/* Begin PBXResourcesBuildPhase section */
		6453E1032625A933001B2396 /* Resources */ = {
			isa = PBXResourcesBuildPhase;
			buildActionMask = 2147483647;
			files = (
				6453E1152625A933001B2396 /* Assets.xcassets in Resources */,
				6453E1222625A9F9001B2396 /* Storyboard.storyboard in Resources */,
			);
			runOnlyForDeploymentPostprocessing = 0;
		};
		6453E10B2625A933001B2396 /* Resources */ = {
			isa = PBXResourcesBuildPhase;
			buildActionMask = 2147483647;
			files = (
				6453E1162625A933001B2396 /* Assets.xcassets in Resources */,
				6453E1232625A9F9001B2396 /* Storyboard.storyboard in Resources */,
			);
			runOnlyForDeploymentPostprocessing = 0;
		};
/* End PBXResourcesBuildPhase section */

/* Begin PBXSourcesBuildPhase section */
		6453E1012625A933001B2396 /* Sources */ = {
			isa = PBXSourcesBuildPhase;
			buildActionMask = 2147483647;
			files = (
				6453E1132625A933001B2396 /* ContentView.swift in Sources */,
				6453E1112625A933001B2396 /* example01App.swift in Sources */,
			);
			runOnlyForDeploymentPostprocessing = 0;
		};
		6453E1092625A933001B2396 /* Sources */ = {
			isa = PBXSourcesBuildPhase;
			buildActionMask = 2147483647;
			files = (
				6453E1142625A933001B2396 /* ContentView.swift in Sources */,
				6453E1122625A933001B2396 /* example01App.swift in Sources */,
			);
			runOnlyForDeploymentPostprocessing = 0;
		};
/* End PBXSourcesBuildPhase section */

/* Begin XCBuildConfiguration section */
		6453E1172625A933001B2396 /* Debug */ = {
			isa = XCBuildConfiguration;
			buildSettings = {
				ALWAYS_SEARCH_USER_PATHS = NO;
				CLANG_ANALYZER_NONNULL = YES;
				CLANG_ANALYZER_NUMBER_OBJECT_CONVERSION = YES_AGGRESSIVE;
				CLANG_CXX_LANGUAGE_STANDARD = "gnu++14";
				CLANG_CXX_LIBRARY = "libc++";
				CLANG_ENABLE_MODULES = YES;
				CLANG_ENABLE_OBJC_ARC = YES;
				CLANG_ENABLE_OBJC_WEAK = YES;
				CLANG_WARN_BLOCK_CAPTURE_AUTORELEASING = YES;
				CLANG_WARN_BOOL_CONVERSION = YES;
				CLANG_WARN_COMMA = YES;
				CLANG_WARN_CONSTANT_CONVERSION = YES;
				CLANG_WARN_DEPRECATED_OBJC_IMPLEMENTATIONS = YES;
				CLANG_WARN_DIRECT_OBJC_ISA_USAGE = YES_ERROR;
				CLANG_WARN_DOCUMENTATION_COMMENTS = YES;
				CLANG_WARN_EMPTY_BODY = YES;
				CLANG_WARN_ENUM_CONVERSION = YES;
				CLANG_WARN_INFINITE_RECURSION = YES;
				CLANG_WARN_INT_CONVERSION = YES;
				CLANG_WARN_NON_LITERAL_NULL_CONVERSION = YES;
				CLANG_WARN_OBJC_IMPLICIT_RETAIN_SELF = YES;
				CLANG_WARN_OBJC_LITERAL_CONVERSION = YES;
				CLANG_WARN_OBJC_ROOT_CLASS = YES_ERROR;
				CLANG_WARN_QUOTED_INCLUDE_IN_FRAMEWORK_HEADER = YES;
				CLANG_WARN_RANGE_LOOP_ANALYSIS = YES;
				CLANG_WARN_STRICT_PROTOTYPES = YES;
				CLANG_WARN_SUSPICIOUS_MOVE = YES;
				CLANG_WARN_UNGUARDED_AVAILABILITY = YES_AGGRESSIVE;
				CLANG_WARN_UNREACHABLE_CODE = YES;
				CLANG_WARN__DUPLICATE_METHOD_MATCH = YES;
				COPY_PHASE_STRIP = NO;
				DEBUG_INFORMATION_FORMAT = dwarf;
				ENABLE_STRICT_OBJC_MSGSEND = YES;
				ENABLE_TESTABILITY = YES;
				GCC_C_LANGUAGE_STANDARD = gnu11;
				GCC_DYNAMIC_NO_PIC = NO;
				GCC_NO_COMMON_BLOCKS = YES;
				GCC_OPTIMIZATION_LEVEL = 0;
				GCC_PREPROCESSOR_DEFINITIONS = (
					"DEBUG=1",
					"$(inherited)",
				);
				GCC_WARN_64_TO_32_BIT_CONVERSION = YES;
				GCC_WARN_ABOUT_RETURN_TYPE = YES_ERROR;
				GCC_WARN_UNDECLARED_SELECTOR = YES;
				GCC_WARN_UNINITIALIZED_AUTOS = YES_AGGRESSIVE;
				GCC_WARN_UNUSED_FUNCTION = YES;
				GCC_WARN_UNUSED_VARIABLE = YES;
				MTL_ENABLE_DEBUG_INFO = INCLUDE_SOURCE;
				MTL_FAST_MATH = YES;
				ONLY_ACTIVE_ARCH = YES;
				SWIFT_ACTIVE_COMPILATION_CONDITIONS = DEBUG;
				SWIFT_OPTIMIZATION_LEVEL = "-Onone";
			};
			name = Debug;
		};
		6453E1182625A933001B2396 /* Release */ = {
			isa = XCBuildConfiguration;
			buildSettings = {
				ALWAYS_SEARCH_USER_PATHS = NO;
				CLANG_ANALYZER_NONNULL = YES;
				CLANG_ANALYZER_NUMBER_OBJECT_CONVERSION = YES_AGGRESSIVE;
				CLANG_CXX_LANGUAGE_STANDARD = "gnu++14";
				CLANG_CXX_LIBRARY = "libc++";
				CLANG_ENABLE_MODULES = YES;
				CLANG_ENABLE_OBJC_ARC = YES;
				CLANG_ENABLE_OBJC_WEAK = YES;
				CLANG_WARN_BLOCK_CAPTURE_AUTORELEASING = YES;
				CLANG_WARN_BOOL_CONVERSION = YES;
				CLANG_WARN_COMMA = YES;
				CLANG_WARN_CONSTANT_CONVERSION = YES;
				CLANG_WARN_DEPRECATED_OBJC_IMPLEMENTATIONS = YES;
				CLANG_WARN_DIRECT_OBJC_ISA_USAGE = YES_ERROR;
				CLANG_WARN_DOCUMENTATION_COMMENTS = YES;
				CLANG_WARN_EMPTY_BODY = YES;
				CLANG_WARN_ENUM_CONVERSION = YES;
				CLANG_WARN_INFINITE_RECURSION = YES;
				CLANG_WARN_INT_CONVERSION = YES;
				CLANG_WARN_NON_LITERAL_NULL_CONVERSION = YES;
				CLANG_WARN_OBJC_IMPLICIT_RETAIN_SELF = YES;
				CLANG_WARN_OBJC_LITERAL_CONVERSION = YES;
				CLANG_WARN_OBJC_ROOT_CLASS = YES_ERROR;
				CLANG_WARN_QUOTED_INCLUDE_IN_FRAMEWORK_HEADER = YES;
				CLANG_WARN_RANGE_LOOP_ANALYSIS = YES;
				CLANG_WARN_STRICT_PROTOTYPES = YES;
				CLANG_WARN_SUSPICIOUS_MOVE = YES;
				CLANG_WARN_UNGUARDED_AVAILABILITY = YES_AGGRESSIVE;
				CLANG_WARN_UNREACHABLE_CODE = YES;
				CLANG_WARN__DUPLICATE_METHOD_MATCH = YES;
				COPY_PHASE_STRIP = NO;
				DEBUG_INFORMATION_FORMAT = "dwarf-with-dsym";
				ENABLE_NS_ASSERTIONS = NO;
				ENABLE_STRICT_OBJC_MSGSEND = YES;
				GCC_C_LANGUAGE_STANDARD = gnu11;
				GCC_NO_COMMON_BLOCKS = YES;
				GCC_WARN_64_TO_32_BIT_CONVERSION = YES;
				GCC_WARN_ABOUT_RETURN_TYPE = YES_ERROR;
				GCC_WARN_UNDECLARED_SELECTOR = YES;
				GCC_WARN_UNINITIALIZED_AUTOS = YES_AGGRESSIVE;
				GCC_WARN_UNUSED_FUNCTION = YES;
				GCC_WARN_UNUSED_VARIABLE = YES;
				MTL_ENABLE_DEBUG_INFO = NO;
				MTL_FAST_MATH = YES;
				SWIFT_COMPILATION_MODE = wholemodule;
				SWIFT_OPTIMIZATION_LEVEL = "-O";
			};
			name = Release;
		};
		6453E11A2625A933001B2396 /* Debug */ = {
			isa = XCBuildConfiguration;
			buildSettings = {
				ASSETCATALOG_COMPILER_APPICON_NAME = AppIcon;
				ASSETCATALOG_COMPILER_GLOBAL_ACCENT_COLOR_NAME = AccentColor;
				CODE_SIGN_STYLE = Automatic;
				DEVELOPMENT_TEAM = B6U63J7S8B;
				ENABLE_PREVIEWS = YES;
				INFOPLIST_FILE = iOS/Info.plist;
				IPHONEOS_DEPLOYMENT_TARGET = 14.0;
				LD_RUNPATH_SEARCH_PATHS = (
					"$(inherited)",
					"@executable_path/Frameworks",
				);
				PRODUCT_BUNDLE_IDENTIFIER = Woogie.example01;
				PRODUCT_NAME = example01;
				SDKROOT = iphoneos;
				SWIFT_VERSION = 5.0;
				TARGETED_DEVICE_FAMILY = "1,2";
			};
			name = Debug;
		};
		6453E11B2625A933001B2396 /* Release */ = {
			isa = XCBuildConfiguration;
			buildSettings = {
				ASSETCATALOG_COMPILER_APPICON_NAME = AppIcon;
				ASSETCATALOG_COMPILER_GLOBAL_ACCENT_COLOR_NAME = AccentColor;
				CODE_SIGN_STYLE = Automatic;
				DEVELOPMENT_TEAM = B6U63J7S8B;
				ENABLE_PREVIEWS = YES;
				INFOPLIST_FILE = iOS/Info.plist;
				IPHONEOS_DEPLOYMENT_TARGET = 14.0;
				LD_RUNPATH_SEARCH_PATHS = (
					"$(inherited)",
					"@executable_path/Frameworks",
				);
				PRODUCT_BUNDLE_IDENTIFIER = Woogie.example01;
				PRODUCT_NAME = example01;
				SDKROOT = iphoneos;
				SWIFT_VERSION = 5.0;
				TARGETED_DEVICE_FAMILY = "1,2";
				VALIDATE_PRODUCT = YES;
			};
			name = Release;
		};
		6453E11D2625A933001B2396 /* Debug */ = {
			isa = XCBuildConfiguration;
			buildSettings = {
				ASSETCATALOG_COMPILER_APPICON_NAME = AppIcon;
				ASSETCATALOG_COMPILER_GLOBAL_ACCENT_COLOR_NAME = AccentColor;
				CODE_SIGN_ENTITLEMENTS = macOS/macOS.entitlements;
				CODE_SIGN_STYLE = Automatic;
				COMBINE_HIDPI_IMAGES = YES;
				DEVELOPMENT_TEAM = B6U63J7S8B;
				ENABLE_HARDENED_RUNTIME = YES;
				ENABLE_PREVIEWS = YES;
				INFOPLIST_FILE = macOS/Info.plist;
				LD_RUNPATH_SEARCH_PATHS = (
					"$(inherited)",
					"@executable_path/../Frameworks",
				);
				MACOSX_DEPLOYMENT_TARGET = 11.0;
				PRODUCT_BUNDLE_IDENTIFIER = Woogie.example01;
				PRODUCT_NAME = example01;
				SDKROOT = macosx;
				SWIFT_VERSION = 5.0;
			};
			name = Debug;
		};
		6453E11E2625A933001B2396 /* Release */ = {
			isa = XCBuildConfiguration;
			buildSettings = {
				ASSETCATALOG_COMPILER_APPICON_NAME = AppIcon;
				ASSETCATALOG_COMPILER_GLOBAL_ACCENT_COLOR_NAME = AccentColor;
				CODE_SIGN_ENTITLEMENTS = macOS/macOS.entitlements;
				CODE_SIGN_STYLE = Automatic;
				COMBINE_HIDPI_IMAGES = YES;
				DEVELOPMENT_TEAM = B6U63J7S8B;
				ENABLE_HARDENED_RUNTIME = YES;
				ENABLE_PREVIEWS = YES;
				INFOPLIST_FILE = macOS/Info.plist;
				LD_RUNPATH_SEARCH_PATHS = (
					"$(inherited)",
					"@executable_path/../Frameworks",
				);
				MACOSX_DEPLOYMENT_TARGET = 11.0;
				PRODUCT_BUNDLE_IDENTIFIER = Woogie.example01;
				PRODUCT_NAME = example01;
				SDKROOT = macosx;
				SWIFT_VERSION = 5.0;
			};
			name = Release;
		};
/* End XCBuildConfiguration section */

/* Begin XCConfigurationList section */
		6453E0FC2625A931001B2396 /* Build configuration list for PBXProject "example01" */ = {
			isa = XCConfigurationList;
			buildConfigurations = (
				6453E1172625A933001B2396 /* Debug */,
				6453E1182625A933001B2396 /* Release */,
			);
			defaultConfigurationIsVisible = 0;
			defaultConfigurationName = Release;
		};
		6453E1192625A933001B2396 /* Build configuration list for PBXNativeTarget "example01 (iOS)" */ = {
			isa = XCConfigurationList;
			buildConfigurations = (
				6453E11A2625A933001B2396 /* Debug */,
				6453E11B2625A933001B2396 /* Release */,
			);
			defaultConfigurationIsVisible = 0;
			defaultConfigurationName = Release;
		};
		6453E11C2625A933001B2396 /* Build configuration list for PBXNativeTarget "example01 (macOS)" */ = {
			isa = XCConfigurationList;
			buildConfigurations = (
				6453E11D2625A933001B2396 /* Debug */,
				6453E11E2625A933001B2396 /* Release */,
			);
			defaultConfigurationIsVisible = 0;
			defaultConfigurationName = Release;
		};
/* End XCConfigurationList section */
	};
	rootObject = 6453E0F92625A931001B2396 /* Project object */;
}
